
Microsoft Visual Studio Solution File, Format Version 12.00
# Visual Studio Version 16
VisualStudioVersion = 16.0.29324.140
MinimumVisualStudioVersion = 10.0.40219.1
Project("{FAE04EC0-301F-11D3-BF4B-00C04F79EFBC}") = "ColorSpy", "ColorSpy\ColorSpy.csproj", "{3568AD49-C2C0-4A82-AE1E-06FD3729D19E}"
EndProject
Global
	GlobalSection(SolutionConfigurationPlatforms) = preSolution
		Debug|Any CPU = Debug|Any CPU
		Release|Any CPU = Release|Any CPU
	EndGlobalSection
	GlobalSection(ProjectConfigurationPlatforms) = postSolution
		{3568AD49-C2C0-4A82-AE1E-06FD3729D19E}.Debug|Any CPU.ActiveCfg = Debug|Any CPU
		{3568AD49-C2C0-4A82-AE1E-06FD3729D19E}.Debug|Any CPU.Build.0 = Debug|Any CPU
		{3568AD49-C2C0-4A82-AE1E-06FD3729D19E}.Release|Any CPU.ActiveCfg = Release|Any CPU
		{3568AD49-C2C0-4A82-AE1E-06FD3729D19E}.Release|Any CPU.Build.0 = Release|Any CPU
	EndGlobalSection
	GlobalSection(SolutionProperties) = preSolution
		HideSolutionNode = FALSE
	EndGlobalSection
	GlobalSection(ExtensibilityGlobals) = postSolution
		SolutionGuid = {CAA20BB9-89E7-4160-86BA-74C57FA8E051}
	EndGlobalSection
EndGlobal
